
Microsoft Visual Studio Solution File, Format Version 12.00
# Visual Studio Version 17
VisualStudioVersion = 17.7.34031.279
MinimumVisualStudioVersion = 10.0.40219.1
Project("{FAE04EC0-301F-11D3-BF4B-00C04F79EFBC}") = "Alekseev_ISP-232_Lab2", "Alekseev_ISP-232_Lab2.csproj", "{2B315A26-47E7-404D-A31A-8D68E7F91E12}"
EndProject
Global
	GlobalSection(SolutionConfigurationPlatforms) = preSolution
		Debug|Any CPU = Debug|Any CPU
		Release|Any CPU = Release|Any CPU
	EndGlobalSection
	GlobalSection(ProjectConfigurationPlatforms) = postSolution
		{2B315A26-47E7-404D-A31A-8D68E7F91E12}.Debug|Any CPU.ActiveCfg = Debug|Any CPU
		{2B315A26-47E7-404D-A31A-8D68E7F91E12}.Debug|Any CPU.Build.0 = Debug|Any CPU
		{2B315A26-47E7-404D-A31A-8D68E7F91E12}.Release|Any CPU.ActiveCfg = Release|Any CPU
		{2B315A26-47E7-404D-A31A-8D68E7F91E12}.Release|Any CPU.Build.0 = Release|Any CPU
	EndGlobalSection
	GlobalSection(SolutionProperties) = preSolution
		HideSolutionNode = FALSE
	EndGlobalSection
	GlobalSection(ExtensibilityGlobals) = postSolution
		SolutionGuid = {ED82C534-C6DD-4891-B3F6-814A8F38364B}
	EndGlobalSection
EndGlobal
